
Microsoft Visual Studio Solution File, Format Version 12.00
# Visual Studio Version 17
VisualStudioVersion = 17.14.37012.4 d17.14
MinimumVisualStudioVersion = 10.0.40219.1
Project("{FAE04EC0-301F-11D3-BF4B-00C04F79EFBC}") = "AquaExpansion", "AquaExpansion.csproj", "{2D0284EE-A4ED-48D1-89E5-AC6B80080112}"
EndProject
Global
	GlobalSection(SolutionConfigurationPlatforms) = preSolution
		Debug|x64 = Debug|x64
		Release|x64 = Release|x64
	EndGlobalSection
	GlobalSection(ProjectConfigurationPlatforms) = postSolution
		{2D0284EE-A4ED-48D1-89E5-AC6B80080112}.Debug|x64.ActiveCfg = Debug|x64
		{2D0284EE-A4ED-48D1-89E5-AC6B80080112}.Debug|x64.Build.0 = Debug|x64
		{2D0284EE-A4ED-48D1-89E5-AC6B80080112}.Release|x64.ActiveCfg = Release|x64
		{2D0284EE-A4ED-48D1-89E5-AC6B80080112}.Release|x64.Build.0 = Release|x64
	EndGlobalSection
	GlobalSection(SolutionProperties) = preSolution
		HideSolutionNode = FALSE
	EndGlobalSection
	GlobalSection(ExtensibilityGlobals) = postSolution
		SolutionGuid = {BD90A7F5-3A90-4CAA-B39C-8E09F87ADBA7}
	EndGlobalSection
EndGlobal
